
Microsoft Visual Studio Solution File, Format Version 12.00
# Visual Studio 15
VisualStudioVersion = 15.0.28307.329
MinimumVisualStudioVersion = 10.0.40219.1
Project("{FAE04EC0-301F-11D3-BF4B-00C04F79EFBC}") = "shop-server", "shop-server\shop-server.csproj", "{899D3BAD-A911-4040-8C9B-DC36A81EFD11}"
EndProject
Global
	GlobalSection(SolutionConfigurationPlatforms) = preSolution
		Debug|Any CPU = Debug|Any CPU
		Release|Any CPU = Release|Any CPU
	EndGlobalSection
	GlobalSection(ProjectConfigurationPlatforms) = postSolution
		{899D3BAD-A911-4040-8C9B-DC36A81EFD11}.Debug|Any CPU.ActiveCfg = Debug|Any CPU
		{899D3BAD-A911-4040-8C9B-DC36A81EFD11}.Debug|Any CPU.Build.0 = Debug|Any CPU
		{899D3BAD-A911-4040-8C9B-DC36A81EFD11}.Release|Any CPU.ActiveCfg = Release|Any CPU
		{899D3BAD-A911-4040-8C9B-DC36A81EFD11}.Release|Any CPU.Build.0 = Release|Any CPU
	EndGlobalSection
	GlobalSection(SolutionProperties) = preSolution
		HideSolutionNode = FALSE
	EndGlobalSection
	GlobalSection(ExtensibilityGlobals) = postSolution
		SolutionGuid = {7D380BCE-BA4A-4EED-B77F-F8BAB571C7E5}
	EndGlobalSection
EndGlobal
